// !$*UTF8*$!
{
	archiveVersion = 1;
	classes = {
	};
	objectVersion = 56;
	objects = {

/* Begin PBXBuildFile section */
		C017BEB728BD9DAB0007A212 /* LoginViewModel.swift in Sources */ = {isa = PBXBuildFile; fileRef = C017BEB628BD9DAB0007A212 /* LoginViewModel.swift */; };
		C017BEB928BD9EDE0007A212 /* UIViewController+Extension.swift in Sources */ = {isa = PBXBuildFile; fileRef = C017BEB828BD9EDE0007A212 /* UIViewController+Extension.swift */; };
		C017BEBB28BDA03E0007A212 /* UITextField+Extension.swift in Sources */ = {isa = PBXBuildFile; fileRef = C017BEBA28BDA03E0007A212 /* UITextField+Extension.swift */; };
		C017BEBE28BDA6110007A212 /* BottomSheet in Frameworks */ = {isa = PBXBuildFile; productRef = C017BEBD28BDA6110007A212 /* BottomSheet */; };
		C017BEC128BDA71B0007A212 /* SigninViewController.swift in Sources */ = {isa = PBXBuildFile; fileRef = C017BEC028BDA71B0007A212 /* SigninViewController.swift */; };
		C017BEC328BDA7F20007A212 /* SigninView.swift in Sources */ = {isa = PBXBuildFile; fileRef = C017BEC228BDA7F20007A212 /* SigninView.swift */; };
		C01F399B28C429C7006F5555 /* UIDevice+Extension.swift in Sources */ = {isa = PBXBuildFile; fileRef = C01F399A28C429C7006F5555 /* UIDevice+Extension.swift */; };
		C03DC69628BB969D002B7F75 /* AppDelegate.swift in Sources */ = {isa = PBXBuildFile; fileRef = C03DC69528BB969D002B7F75 /* AppDelegate.swift */; };
		C03DC69828BB969D002B7F75 /* SceneDelegate.swift in Sources */ = {isa = PBXBuildFile; fileRef = C03DC69728BB969D002B7F75 /* SceneDelegate.swift */; };
		C03DC69A28BB969D002B7F75 /* LoginViewController.swift in Sources */ = {isa = PBXBuildFile; fileRef = C03DC69928BB969D002B7F75 /* LoginViewController.swift */; };
		C03DC69F28BB969E002B7F75 /* Assets.xcassets in Resources */ = {isa = PBXBuildFile; fileRef = C03DC69E28BB969E002B7F75 /* Assets.xcassets */; };
		C03DC6A228BB969E002B7F75 /* LaunchScreen.storyboard in Resources */ = {isa = PBXBuildFile; fileRef = C03DC6A028BB969E002B7F75 /* LaunchScreen.storyboard */; };
		C03DC6AA28BB97B9002B7F75 /* ImageAssets.xcassets in Resources */ = {isa = PBXBuildFile; fileRef = C03DC6A928BB97B9002B7F75 /* ImageAssets.xcassets */; };
		C03DC6AE28BB9944002B7F75 /* ViewCodable.swift in Sources */ = {isa = PBXBuildFile; fileRef = C03DC6AD28BB9944002B7F75 /* ViewCodable.swift */; };
		C03DC6B228BC2AB2002B7F75 /* LoginView.swift in Sources */ = {isa = PBXBuildFile; fileRef = C03DC6B128BC2AB2002B7F75 /* LoginView.swift */; };
		C03DC6B528BC2B9C002B7F75 /* SnapKit in Frameworks */ = {isa = PBXBuildFile; productRef = C03DC6B428BC2B9C002B7F75 /* SnapKit */; };
		C03DC6B828BC2DA2002B7F75 /* UIView+Extension.swift in Sources */ = {isa = PBXBuildFile; fileRef = C03DC6B728BC2DA2002B7F75 /* UIView+Extension.swift */; };
		C03DC6BE28BC3009002B7F75 /* Roboto-Light.ttf in Resources */ = {isa = PBXBuildFile; fileRef = C03DC6BB28BC3009002B7F75 /* Roboto-Light.ttf */; };
		C03DC6BF28BC3009002B7F75 /* Roboto-Regular.ttf in Resources */ = {isa = PBXBuildFile; fileRef = C03DC6BC28BC3009002B7F75 /* Roboto-Regular.ttf */; };
		C03DC6C028BC3009002B7F75 /* Roboto-Bold.ttf in Resources */ = {isa = PBXBuildFile; fileRef = C03DC6BD28BC3009002B7F75 /* Roboto-Bold.ttf */; };
		C06AD0D528BC3A8C00BCC84D /* ImageAssetsGenerated.swift in Sources */ = {isa = PBXBuildFile; fileRef = C06AD0D428BC3A8C00BCC84D /* ImageAssetsGenerated.swift */; };
		D1EB7DF5559E9606491319C5 /* Pods_SaoRoque.framework in Frameworks */ = {isa = PBXBuildFile; fileRef = 47CA30B4F77D3264FC9C09BB /* Pods_SaoRoque.framework */; };
/* End PBXBuildFile section */

/* Begin PBXFileReference section */
		1A150364ACCCC20C1CFDA441 /* Pods-SaoRoque.release.xcconfig */ = {isa = PBXFileReference; includeInIndex = 1; lastKnownFileType = text.xcconfig; name = "Pods-SaoRoque.release.xcconfig"; path = "Target Support Files/Pods-SaoRoque/Pods-SaoRoque.release.xcconfig"; sourceTree = "<group>"; };
		47CA30B4F77D3264FC9C09BB /* Pods_SaoRoque.framework */ = {isa = PBXFileReference; explicitFileType = wrapper.framework; includeInIndex = 0; path = Pods_SaoRoque.framework; sourceTree = BUILT_PRODUCTS_DIR; };
		C017BEB628BD9DAB0007A212 /* LoginViewModel.swift */ = {isa = PBXFileReference; lastKnownFileType = sourcecode.swift; path = LoginViewModel.swift; sourceTree = "<group>"; };
		C017BEB828BD9EDE0007A212 /* UIViewController+Extension.swift */ = {isa = PBXFileReference; lastKnownFileType = sourcecode.swift; path = "UIViewController+Extension.swift"; sourceTree = "<group>"; };
		C017BEBA28BDA03E0007A212 /* UITextField+Extension.swift */ = {isa = PBXFileReference; lastKnownFileType = sourcecode.swift; path = "UITextField+Extension.swift"; sourceTree = "<group>"; };
		C017BEC028BDA71B0007A212 /* SigninViewController.swift */ = {isa = PBXFileReference; lastKnownFileType = sourcecode.swift; path = SigninViewController.swift; sourceTree = "<group>"; };
		C017BEC228BDA7F20007A212 /* SigninView.swift */ = {isa = PBXFileReference; lastKnownFileType = sourcecode.swift; path = SigninView.swift; sourceTree = "<group>"; };
		C01F399A28C429C7006F5555 /* UIDevice+Extension.swift */ = {isa = PBXFileReference; lastKnownFileType = sourcecode.swift; path = "UIDevice+Extension.swift"; sourceTree = "<group>"; };
		C03DC69228BB969D002B7F75 /* SaoRoque.app */ = {isa = PBXFileReference; explicitFileType = wrapper.application; includeInIndex = 0; path = SaoRoque.app; sourceTree = BUILT_PRODUCTS_DIR; };
		C03DC69528BB969D002B7F75 /* AppDelegate.swift */ = {isa = PBXFileReference; lastKnownFileType = sourcecode.swift; path = AppDelegate.swift; sourceTree = "<group>"; };
		C03DC69728BB969D002B7F75 /* SceneDelegate.swift */ = {isa = PBXFileReference; lastKnownFileType = sourcecode.swift; path = SceneDelegate.swift; sourceTree = "<group>"; };
		C03DC69928BB969D002B7F75 /* LoginViewController.swift */ = {isa = PBXFileReference; lastKnownFileType = sourcecode.swift; path = LoginViewController.swift; sourceTree = "<group>"; };
		C03DC69E28BB969E002B7F75 /* Assets.xcassets */ = {isa = PBXFileReference; lastKnownFileType = folder.assetcatalog; path = Assets.xcassets; sourceTree = "<group>"; };
		C03DC6A128BB969E002B7F75 /* Base */ = {isa = PBXFileReference; lastKnownFileType = file.storyboard; name = Base; path = Base.lproj/LaunchScreen.storyboard; sourceTree = "<group>"; };
		C03DC6A328BB969E002B7F75 /* Info.plist */ = {isa = PBXFileReference; lastKnownFileType = text.plist.xml; path = Info.plist; sourceTree = "<group>"; };
		C03DC6A928BB97B9002B7F75 /* ImageAssets.xcassets */ = {isa = PBXFileReference; lastKnownFileType = folder.assetcatalog; path = ImageAssets.xcassets; sourceTree = "<group>"; };
		C03DC6AD28BB9944002B7F75 /* ViewCodable.swift */ = {isa = PBXFileReference; lastKnownFileType = sourcecode.swift; path = ViewCodable.swift; sourceTree = "<group>"; };
		C03DC6B128BC2AB2002B7F75 /* LoginView.swift */ = {isa = PBXFileReference; lastKnownFileType = sourcecode.swift; path = LoginView.swift; sourceTree = "<group>"; };
		C03DC6B728BC2DA2002B7F75 /* UIView+Extension.swift */ = {isa = PBXFileReference; lastKnownFileType = sourcecode.swift; path = "UIView+Extension.swift"; sourceTree = "<group>"; };
		C03DC6BB28BC3009002B7F75 /* Roboto-Light.ttf */ = {isa = PBXFileReference; lastKnownFileType = file; path = "Roboto-Light.ttf"; sourceTree = "<group>"; };
		C03DC6BC28BC3009002B7F75 /* Roboto-Regular.ttf */ = {isa = PBXFileReference; lastKnownFileType = file; path = "Roboto-Regular.ttf"; sourceTree = "<group>"; };
		C03DC6BD28BC3009002B7F75 /* Roboto-Bold.ttf */ = {isa = PBXFileReference; lastKnownFileType = file; path = "Roboto-Bold.ttf"; sourceTree = "<group>"; };
		C06AD0D428BC3A8C00BCC84D /* ImageAssetsGenerated.swift */ = {isa = PBXFileReference; lastKnownFileType = sourcecode.swift; path = ImageAssetsGenerated.swift; sourceTree = "<group>"; };
		CEF56723816DA76E3A65F202 /* Pods-SaoRoque.debug.xcconfig */ = {isa = PBXFileReference; includeInIndex = 1; lastKnownFileType = text.xcconfig; name = "Pods-SaoRoque.debug.xcconfig"; path = "Target Support Files/Pods-SaoRoque/Pods-SaoRoque.debug.xcconfig"; sourceTree = "<group>"; };
/* End PBXFileReference section */

/* Begin PBXFrameworksBuildPhase section */
		C03DC68F28BB969D002B7F75 /* Frameworks */ = {
			isa = PBXFrameworksBuildPhase;
			buildActionMask = 2147483647;
			files = (
				C03DC6B528BC2B9C002B7F75 /* SnapKit in Frameworks */,
				C017BEBE28BDA6110007A212 /* BottomSheet in Frameworks */,
				D1EB7DF5559E9606491319C5 /* Pods_SaoRoque.framework in Frameworks */,
			);
			runOnlyForDeploymentPostprocessing = 0;
		};
/* End PBXFrameworksBuildPhase section */

/* Begin PBXGroup section */
		3E7BBFD18DA6517DD3E4B60F /* Pods */ = {
			isa = PBXGroup;
			children = (
				CEF56723816DA76E3A65F202 /* Pods-SaoRoque.debug.xcconfig */,
				1A150364ACCCC20C1CFDA441 /* Pods-SaoRoque.release.xcconfig */,
			);
			path = Pods;
			sourceTree = "<group>";
		};
		80512D1943AFDC92F075B18B /* Frameworks */ = {
			isa = PBXGroup;
			children = (
				47CA30B4F77D3264FC9C09BB /* Pods_SaoRoque.framework */,
			);
			name = Frameworks;
			sourceTree = "<group>";
		};
		C017BEBF28BDA70E0007A212 /* Signin */ = {
			isa = PBXGroup;
			children = (
				C017BEC028BDA71B0007A212 /* SigninViewController.swift */,
				C017BEC228BDA7F20007A212 /* SigninView.swift */,
			);
			path = Signin;
			sourceTree = "<group>";
		};
		C03DC68928BB969D002B7F75 = {
			isa = PBXGroup;
			children = (
				C03DC69428BB969D002B7F75 /* SaoRoque */,
				C03DC69328BB969D002B7F75 /* Products */,
				3E7BBFD18DA6517DD3E4B60F /* Pods */,
				80512D1943AFDC92F075B18B /* Frameworks */,
			);
			sourceTree = "<group>";
		};
		C03DC69328BB969D002B7F75 /* Products */ = {
			isa = PBXGroup;
			children = (
				C03DC69228BB969D002B7F75 /* SaoRoque.app */,
			);
			name = Products;
			sourceTree = "<group>";
		};
		C03DC69428BB969D002B7F75 /* SaoRoque */ = {
			isa = PBXGroup;
			children = (
				C03DC6B628BC2D92002B7F75 /* Extension */,
				C03DC6AF28BB9A15002B7F75 /* Presentation */,
				C03DC6AC28BB9935002B7F75 /* Infra */,
				C03DC6AB28BB97C6002B7F75 /* Resource */,
				C03DC69528BB969D002B7F75 /* AppDelegate.swift */,
				C03DC69728BB969D002B7F75 /* SceneDelegate.swift */,
				C03DC6A028BB969E002B7F75 /* LaunchScreen.storyboard */,
				C03DC6A328BB969E002B7F75 /* Info.plist */,
			);
			path = SaoRoque;
			sourceTree = "<group>";
		};
		C03DC6AB28BB97C6002B7F75 /* Resource */ = {
			isa = PBXGroup;
			children = (
				C06AD0D128BC39D500BCC84D /* Generated */,
				C03DC6BA28BC3009002B7F75 /* Fonts */,
				C03DC6B928BC2FEA002B7F75 /* Assets */,
			);
			path = Resource;
			sourceTree = "<group>";
		};
		C03DC6AC28BB9935002B7F75 /* Infra */ = {
			isa = PBXGroup;
			children = (
				C03DC6AD28BB9944002B7F75 /* ViewCodable.swift */,
			);
			path = Infra;
			sourceTree = "<group>";
		};
		C03DC6AF28BB9A15002B7F75 /* Presentation */ = {
			isa = PBXGroup;
			children = (
				C017BEBF28BDA70E0007A212 /* Signin */,
				C03DC6B028BC2A73002B7F75 /* Login */,
			);
			path = Presentation;
			sourceTree = "<group>";
		};
		C03DC6B028BC2A73002B7F75 /* Login */ = {
			isa = PBXGroup;
			children = (
				C03DC69928BB969D002B7F75 /* LoginViewController.swift */,
				C03DC6B128BC2AB2002B7F75 /* LoginView.swift */,
				C017BEB628BD9DAB0007A212 /* LoginViewModel.swift */,
			);
			path = Login;
			sourceTree = "<group>";
		};
		C03DC6B628BC2D92002B7F75 /* Extension */ = {
			isa = PBXGroup;
			children = (
				C03DC6B728BC2DA2002B7F75 /* UIView+Extension.swift */,
				C017BEB828BD9EDE0007A212 /* UIViewController+Extension.swift */,
				C017BEBA28BDA03E0007A212 /* UITextField+Extension.swift */,
				C01F399A28C429C7006F5555 /* UIDevice+Extension.swift */,
			);
			path = Extension;
			sourceTree = "<group>";
		};
		C03DC6B928BC2FEA002B7F75 /* Assets */ = {
			isa = PBXGroup;
			children = (
				C03DC69E28BB969E002B7F75 /* Assets.xcassets */,
				C03DC6A928BB97B9002B7F75 /* ImageAssets.xcassets */,
			);
			path = Assets;
			sourceTree = "<group>";
		};
		C03DC6BA28BC3009002B7F75 /* Fonts */ = {
			isa = PBXGroup;
			children = (
				C03DC6BB28BC3009002B7F75 /* Roboto-Light.ttf */,
				C03DC6BC28BC3009002B7F75 /* Roboto-Regular.ttf */,
				C03DC6BD28BC3009002B7F75 /* Roboto-Bold.ttf */,
			);
			path = Fonts;
			sourceTree = "<group>";
		};
		C06AD0D128BC39D500BCC84D /* Generated */ = {
			isa = PBXGroup;
			children = (
				C06AD0D428BC3A8C00BCC84D /* ImageAssetsGenerated.swift */,
			);
			path = Generated;
			sourceTree = "<group>";
		};
/* End PBXGroup section */

/* Begin PBXNativeTarget section */
		C03DC69128BB969D002B7F75 /* SaoRoque */ = {
			isa = PBXNativeTarget;
			buildConfigurationList = C03DC6A628BB969E002B7F75 /* Build configuration list for PBXNativeTarget "SaoRoque" */;
			buildPhases = (
				A33015C3269D00940F0A603D /* [CP] Check Pods Manifest.lock */,
				C03DC68E28BB969D002B7F75 /* Sources */,
				C03DC68F28BB969D002B7F75 /* Frameworks */,
				C03DC69028BB969D002B7F75 /* Resources */,
				04DF8AB647FDB8EB041424A8 /* [CP] Embed Pods Frameworks */,
			);
			buildRules = (
			);
			dependencies = (
			);
			name = SaoRoque;
			packageProductDependencies = (
				C03DC6B428BC2B9C002B7F75 /* SnapKit */,
				C017BEBD28BDA6110007A212 /* BottomSheet */,
			);
			productName = SaoRoque;
			productReference = C03DC69228BB969D002B7F75 /* SaoRoque.app */;
			productType = "com.apple.product-type.application";
		};
/* End PBXNativeTarget section */

/* Begin PBXProject section */
		C03DC68A28BB969D002B7F75 /* Project object */ = {
			isa = PBXProject;
			attributes = {
				BuildIndependentTargetsInParallel = 1;
				LastSwiftUpdateCheck = 1400;
				LastUpgradeCheck = 1400;
				TargetAttributes = {
					C03DC69128BB969D002B7F75 = {
						CreatedOnToolsVersion = 14.0;
					};
				};
			};
			buildConfigurationList = C03DC68D28BB969D002B7F75 /* Build configuration list for PBXProject "SaoRoque" */;
			compatibilityVersion = "Xcode 14.0";
			developmentRegion = en;
			hasScannedForEncodings = 0;
			knownRegions = (
				en,
				Base,
			);
			mainGroup = C03DC68928BB969D002B7F75;
			packageReferences = (
				C03DC6B328BC2B9C002B7F75 /* XCRemoteSwiftPackageReference "SnapKit" */,
				C017BEBC28BDA6110007A212 /* XCRemoteSwiftPackageReference "BottomSheet" */,
			);
			productRefGroup = C03DC69328BB969D002B7F75 /* Products */;
			projectDirPath = "";
			projectRoot = "";
			targets = (
				C03DC69128BB969D002B7F75 /* SaoRoque */,
			);
		};
/* End PBXProject section */

/* Begin PBXResourcesBuildPhase section */
		C03DC69028BB969D002B7F75 /* Resources */ = {
			isa = PBXResourcesBuildPhase;
			buildActionMask = 2147483647;
			files = (
				C03DC6A228BB969E002B7F75 /* LaunchScreen.storyboard in Resources */,
				C03DC69F28BB969E002B7F75 /* Assets.xcassets in Resources */,
				C03DC6C028BC3009002B7F75 /* Roboto-Bold.ttf in Resources */,
				C03DC6BF28BC3009002B7F75 /* Roboto-Regular.ttf in Resources */,
				C03DC6BE28BC3009002B7F75 /* Roboto-Light.ttf in Resources */,
				C03DC6AA28BB97B9002B7F75 /* ImageAssets.xcassets in Resources */,
			);
			runOnlyForDeploymentPostprocessing = 0;
		};
/* End PBXResourcesBuildPhase section */

/* Begin PBXShellScriptBuildPhase section */
		04DF8AB647FDB8EB041424A8 /* [CP] Embed Pods Frameworks */ = {
			isa = PBXShellScriptBuildPhase;
			buildActionMask = 2147483647;
			files = (
			);
			inputFileListPaths = (
				"${PODS_ROOT}/Target Support Files/Pods-SaoRoque/Pods-SaoRoque-frameworks-${CONFIGURATION}-input-files.xcfilelist",
			);
			name = "[CP] Embed Pods Frameworks";
			outputFileListPaths = (
				"${PODS_ROOT}/Target Support Files/Pods-SaoRoque/Pods-SaoRoque-frameworks-${CONFIGURATION}-output-files.xcfilelist",
			);
			runOnlyForDeploymentPostprocessing = 0;
			shellPath = /bin/sh;
			shellScript = "\"${PODS_ROOT}/Target Support Files/Pods-SaoRoque/Pods-SaoRoque-frameworks.sh\"\n";
			showEnvVarsInLog = 0;
		};
		A33015C3269D00940F0A603D /* [CP] Check Pods Manifest.lock */ = {
			isa = PBXShellScriptBuildPhase;
			buildActionMask = 2147483647;
			files = (
			);
			inputFileListPaths = (
			);
			inputPaths = (
				"${PODS_PODFILE_DIR_PATH}/Podfile.lock",
				"${PODS_ROOT}/Manifest.lock",
			);
			name = "[CP] Check Pods Manifest.lock";
			outputFileListPaths = (
			);
			outputPaths = (
				"$(DERIVED_FILE_DIR)/Pods-SaoRoque-checkManifestLockResult.txt",
			);
			runOnlyForDeploymentPostprocessing = 0;
			shellPath = /bin/sh;
			shellScript = "diff \"${PODS_PODFILE_DIR_PATH}/Podfile.lock\" \"${PODS_ROOT}/Manifest.lock\" > /dev/null\nif [ $? != 0 ] ; then\n    # print error to STDERR\n    echo \"error: The sandbox is not in sync with the Podfile.lock. Run 'pod install' or update your CocoaPods installation.\" >&2\n    exit 1\nfi\n# This output is used by Xcode 'outputs' to avoid re-running this script phase.\necho \"SUCCESS\" > \"${SCRIPT_OUTPUT_FILE_0}\"\n";
			showEnvVarsInLog = 0;
		};
/* End PBXShellScriptBuildPhase section */

/* Begin PBXSourcesBuildPhase section */
		C03DC68E28BB969D002B7F75 /* Sources */ = {
			isa = PBXSourcesBuildPhase;
			buildActionMask = 2147483647;
			files = (
				C01F399B28C429C7006F5555 /* UIDevice+Extension.swift in Sources */,
				C017BEB928BD9EDE0007A212 /* UIViewController+Extension.swift in Sources */,
				C03DC6B828BC2DA2002B7F75 /* UIView+Extension.swift in Sources */,
				C017BEC328BDA7F20007A212 /* SigninView.swift in Sources */,
				C017BEC128BDA71B0007A212 /* SigninViewController.swift in Sources */,
				C03DC69A28BB969D002B7F75 /* LoginViewController.swift in Sources */,
				C06AD0D528BC3A8C00BCC84D /* ImageAssetsGenerated.swift in Sources */,
				C03DC6AE28BB9944002B7F75 /* ViewCodable.swift in Sources */,
				C017BEBB28BDA03E0007A212 /* UITextField+Extension.swift in Sources */,
				C017BEB728BD9DAB0007A212 /* LoginViewModel.swift in Sources */,
				C03DC69628BB969D002B7F75 /* AppDelegate.swift in Sources */,
				C03DC6B228BC2AB2002B7F75 /* LoginView.swift in Sources */,
				C03DC69828BB969D002B7F75 /* SceneDelegate.swift in Sources */,
			);
			runOnlyForDeploymentPostprocessing = 0;
		};
/* End PBXSourcesBuildPhase section */

/* Begin PBXVariantGroup section */
		C03DC6A028BB969E002B7F75 /* LaunchScreen.storyboard */ = {
			isa = PBXVariantGroup;
			children = (
				C03DC6A128BB969E002B7F75 /* Base */,
			);
			name = LaunchScreen.storyboard;
			sourceTree = "<group>";
		};
/* End PBXVariantGroup section */

/* Begin XCBuildConfiguration section */
		C03DC6A428BB969E002B7F75 /* Debug */ = {
			isa = XCBuildConfiguration;
			buildSettings = {
				ALWAYS_SEARCH_USER_PATHS = NO;
				CLANG_ANALYZER_NONNULL = YES;
				CLANG_ANALYZER_NUMBER_OBJECT_CONVERSION = YES_AGGRESSIVE;
				CLANG_CXX_LANGUAGE_STANDARD = "gnu++20";
				CLANG_ENABLE_MODULES = YES;
				CLANG_ENABLE_OBJC_ARC = YES;
				CLANG_ENABLE_OBJC_WEAK = YES;
				CLANG_WARN_BLOCK_CAPTURE_AUTORELEASING = YES;
				CLANG_WARN_BOOL_CONVERSION = YES;
				CLANG_WARN_COMMA = YES;
				CLANG_WARN_CONSTANT_CONVERSION = YES;
				CLANG_WARN_DEPRECATED_OBJC_IMPLEMENTATIONS = YES;
				CLANG_WARN_DIRECT_OBJC_ISA_USAGE = YES_ERROR;
				CLANG_WARN_DOCUMENTATION_COMMENTS = YES;
				CLANG_WARN_EMPTY_BODY = YES;
				CLANG_WARN_ENUM_CONVERSION = YES;
				CLANG_WARN_INFINITE_RECURSION = YES;
				CLANG_WARN_INT_CONVERSION = YES;
				CLANG_WARN_NON_LITERAL_NULL_CONVERSION = YES;
				CLANG_WARN_OBJC_IMPLICIT_RETAIN_SELF = YES;
				CLANG_WARN_OBJC_LITERAL_CONVERSION = YES;
				CLANG_WARN_OBJC_ROOT_CLASS = YES_ERROR;
				CLANG_WARN_QUOTED_INCLUDE_IN_FRAMEWORK_HEADER = YES;
				CLANG_WARN_RANGE_LOOP_ANALYSIS = YES;
				CLANG_WARN_STRICT_PROTOTYPES = YES;
				CLANG_WARN_SUSPICIOUS_MOVE = YES;
				CLANG_WARN_UNGUARDED_AVAILABILITY = YES_AGGRESSIVE;
				CLANG_WARN_UNREACHABLE_CODE = YES;
				CLANG_WARN__DUPLICATE_METHOD_MATCH = YES;
				COPY_PHASE_STRIP = NO;
				DEBUG_INFORMATION_FORMAT = dwarf;
				ENABLE_STRICT_OBJC_MSGSEND = YES;
				ENABLE_TESTABILITY = YES;
				GCC_C_LANGUAGE_STANDARD = gnu11;
				GCC_DYNAMIC_NO_PIC = NO;
				GCC_NO_COMMON_BLOCKS = YES;
				GCC_OPTIMIZATION_LEVEL = 0;
				GCC_PREPROCESSOR_DEFINITIONS = (
					"DEBUG=1",
					"$(inherited)",
				);
				GCC_WARN_64_TO_32_BIT_CONVERSION = YES;
				GCC_WARN_ABOUT_RETURN_TYPE = YES_ERROR;
				GCC_WARN_UNDECLARED_SELECTOR = YES;
				GCC_WARN_UNINITIALIZED_AUTOS = YES_AGGRESSIVE;
				GCC_WARN_UNUSED_FUNCTION = YES;
				GCC_WARN_UNUSED_VARIABLE = YES;
				IPHONEOS_DEPLOYMENT_TARGET = 16.0;
				MTL_ENABLE_DEBUG_INFO = INCLUDE_SOURCE;
				MTL_FAST_MATH = YES;
				ONLY_ACTIVE_ARCH = YES;
				SDKROOT = iphoneos;
				SWIFT_ACTIVE_COMPILATION_CONDITIONS = DEBUG;
				SWIFT_OPTIMIZATION_LEVEL = "-Onone";
			};
			name = Debug;
		};
		C03DC6A528BB969E002B7F75 /* Release */ = {
			isa = XCBuildConfiguration;
			buildSettings = {
				ALWAYS_SEARCH_USER_PATHS = NO;
				CLANG_ANALYZER_NONNULL = YES;
				CLANG_ANALYZER_NUMBER_OBJECT_CONVERSION = YES_AGGRESSIVE;
				CLANG_CXX_LANGUAGE_STANDARD = "gnu++20";
				CLANG_ENABLE_MODULES = YES;
				CLANG_ENABLE_OBJC_ARC = YES;
				CLANG_ENABLE_OBJC_WEAK = YES;
				CLANG_WARN_BLOCK_CAPTURE_AUTORELEASING = YES;
				CLANG_WARN_BOOL_CONVERSION = YES;
				CLANG_WARN_COMMA = YES;
				CLANG_WARN_CONSTANT_CONVERSION = YES;
				CLANG_WARN_DEPRECATED_OBJC_IMPLEMENTATIONS = YES;
				CLANG_WARN_DIRECT_OBJC_ISA_USAGE = YES_ERROR;
				CLANG_WARN_DOCUMENTATION_COMMENTS = YES;
				CLANG_WARN_EMPTY_BODY = YES;
				CLANG_WARN_ENUM_CONVERSION = YES;
				CLANG_WARN_INFINITE_RECURSION = YES;
				CLANG_WARN_INT_CONVERSION = YES;
				CLANG_WARN_NON_LITERAL_NULL_CONVERSION = YES;
				CLANG_WARN_OBJC_IMPLICIT_RETAIN_SELF = YES;
				CLANG_WARN_OBJC_LITERAL_CONVERSION = YES;
				CLANG_WARN_OBJC_ROOT_CLASS = YES_ERROR;
				CLANG_WARN_QUOTED_INCLUDE_IN_FRAMEWORK_HEADER = YES;
				CLANG_WARN_RANGE_LOOP_ANALYSIS = YES;
				CLANG_WARN_STRICT_PROTOTYPES = YES;
				CLANG_WARN_SUSPICIOUS_MOVE = YES;
				CLANG_WARN_UNGUARDED_AVAILABILITY = YES_AGGRESSIVE;
				CLANG_WARN_UNREACHABLE_CODE = YES;
				CLANG_WARN__DUPLICATE_METHOD_MATCH = YES;
				COPY_PHASE_STRIP = NO;
				DEBUG_INFORMATION_FORMAT = "dwarf-with-dsym";
				ENABLE_NS_ASSERTIONS = NO;
				ENABLE_STRICT_OBJC_MSGSEND = YES;
				GCC_C_LANGUAGE_STANDARD = gnu11;
				GCC_NO_COMMON_BLOCKS = YES;
				GCC_WARN_64_TO_32_BIT_CONVERSION = YES;
				GCC_WARN_ABOUT_RETURN_TYPE = YES_ERROR;
				GCC_WARN_UNDECLARED_SELECTOR = YES;
				GCC_WARN_UNINITIALIZED_AUTOS = YES_AGGRESSIVE;
				GCC_WARN_UNUSED_FUNCTION = YES;
				GCC_WARN_UNUSED_VARIABLE = YES;
				IPHONEOS_DEPLOYMENT_TARGET = 16.0;
				MTL_ENABLE_DEBUG_INFO = NO;
				MTL_FAST_MATH = YES;
				SDKROOT = iphoneos;
				SWIFT_COMPILATION_MODE = wholemodule;
				SWIFT_OPTIMIZATION_LEVEL = "-O";
				VALIDATE_PRODUCT = YES;
			};
			name = Release;
		};
		C03DC6A728BB969E002B7F75 /* Debug */ = {
			isa = XCBuildConfiguration;
			baseConfigurationReference = CEF56723816DA76E3A65F202 /* Pods-SaoRoque.debug.xcconfig */;
			buildSettings = {
				ASSETCATALOG_COMPILER_APPICON_NAME = AppIcon;
				ASSETCATALOG_COMPILER_GLOBAL_ACCENT_COLOR_NAME = AccentColor;
				CODE_SIGN_STYLE = Automatic;
				CURRENT_PROJECT_VERSION = 1;
				DEVELOPMENT_TEAM = 7AV6XLHW8K;
				GENERATE_INFOPLIST_FILE = YES;
				INFOPLIST_FILE = SaoRoque/Info.plist;
				INFOPLIST_KEY_CFBundleDisplayName = "São Roque";
				INFOPLIST_KEY_LSApplicationCategoryType = "public.app-category.utilities";
				INFOPLIST_KEY_UIApplicationSupportsIndirectInputEvents = YES;
				INFOPLIST_KEY_UILaunchStoryboardName = LaunchScreen;
				INFOPLIST_KEY_UISupportedInterfaceOrientations = UIInterfaceOrientationPortrait;
				INFOPLIST_KEY_UISupportedInterfaceOrientations_iPad = "UIInterfaceOrientationLandscapeLeft UIInterfaceOrientationLandscapeRight UIInterfaceOrientationPortrait UIInterfaceOrientationPortraitUpsideDown";
				IPHONEOS_DEPLOYMENT_TARGET = 15.0;
				LD_RUNPATH_SEARCH_PATHS = (
					"$(inherited)",
					"@executable_path/Frameworks",
				);
				MARKETING_VERSION = 1.0;
				PRODUCT_BUNDLE_IDENTIFIER = com.saoroque;
				PRODUCT_NAME = "$(TARGET_NAME)";
				SUPPORTED_PLATFORMS = "iphoneos iphonesimulator";
				SUPPORTS_MACCATALYST = NO;
				SUPPORTS_MAC_DESIGNED_FOR_IPHONE_IPAD = NO;
				SWIFT_EMIT_LOC_STRINGS = YES;
				SWIFT_VERSION = 5.0;
				TARGETED_DEVICE_FAMILY = 1;
			};
			name = Debug;
		};
		C03DC6A828BB969E002B7F75 /* Release */ = {
			isa = XCBuildConfiguration;
			baseConfigurationReference = 1A150364ACCCC20C1CFDA441 /* Pods-SaoRoque.release.xcconfig */;
			buildSettings = {
				ASSETCATALOG_COMPILER_APPICON_NAME = AppIcon;
				ASSETCATALOG_COMPILER_GLOBAL_ACCENT_COLOR_NAME = AccentColor;
				CODE_SIGN_STYLE = Automatic;
				CURRENT_PROJECT_VERSION = 1;
				DEVELOPMENT_TEAM = 7AV6XLHW8K;
				GENERATE_INFOPLIST_FILE = YES;
				INFOPLIST_FILE = SaoRoque/Info.plist;
				INFOPLIST_KEY_CFBundleDisplayName = "São Roque";
				INFOPLIST_KEY_LSApplicationCategoryType = "public.app-category.utilities";
				INFOPLIST_KEY_UIApplicationSupportsIndirectInputEvents = YES;
				INFOPLIST_KEY_UILaunchStoryboardName = LaunchScreen;
				INFOPLIST_KEY_UISupportedInterfaceOrientations = UIInterfaceOrientationPortrait;
				INFOPLIST_KEY_UISupportedInterfaceOrientations_iPad = "UIInterfaceOrientationLandscapeLeft UIInterfaceOrientationLandscapeRight UIInterfaceOrientationPortrait UIInterfaceOrientationPortraitUpsideDown";
				IPHONEOS_DEPLOYMENT_TARGET = 15.0;
				LD_RUNPATH_SEARCH_PATHS = (
					"$(inherited)",
					"@executable_path/Frameworks",
				);
				MARKETING_VERSION = 1.0;
				PRODUCT_BUNDLE_IDENTIFIER = com.saoroque;
				PRODUCT_NAME = "$(TARGET_NAME)";
				SUPPORTED_PLATFORMS = "iphoneos iphonesimulator";
				SUPPORTS_MACCATALYST = NO;
				SUPPORTS_MAC_DESIGNED_FOR_IPHONE_IPAD = NO;
				SWIFT_EMIT_LOC_STRINGS = YES;
				SWIFT_VERSION = 5.0;
				TARGETED_DEVICE_FAMILY = 1;
			};
			name = Release;
		};
/* End XCBuildConfiguration section */

/* Begin XCConfigurationList section */
		C03DC68D28BB969D002B7F75 /* Build configuration list for PBXProject "SaoRoque" */ = {
			isa = XCConfigurationList;
			buildConfigurations = (
				C03DC6A428BB969E002B7F75 /* Debug */,
				C03DC6A528BB969E002B7F75 /* Release */,
			);
			defaultConfigurationIsVisible = 0;
			defaultConfigurationName = Release;
		};
		C03DC6A628BB969E002B7F75 /* Build configuration list for PBXNativeTarget "SaoRoque" */ = {
			isa = XCConfigurationList;
			buildConfigurations = (
				C03DC6A728BB969E002B7F75 /* Debug */,
				C03DC6A828BB969E002B7F75 /* Release */,
			);
			defaultConfigurationIsVisible = 0;
			defaultConfigurationName = Release;
		};
/* End XCConfigurationList section */

/* Begin XCRemoteSwiftPackageReference section */
		C017BEBC28BDA6110007A212 /* XCRemoteSwiftPackageReference "BottomSheet" */ = {
			isa = XCRemoteSwiftPackageReference;
			repositoryURL = "https://github.com/joomcode/BottomSheet";
			requirement = {
				kind = exactVersion;
				version = 2.0.0;
			};
		};
		C03DC6B328BC2B9C002B7F75 /* XCRemoteSwiftPackageReference "SnapKit" */ = {
			isa = XCRemoteSwiftPackageReference;
			repositoryURL = "https://github.com/SnapKit/SnapKit";
			requirement = {
				kind = exactVersion;
				version = 5.6.0;
			};
		};
/* End XCRemoteSwiftPackageReference section */

/* Begin XCSwiftPackageProductDependency section */
		C017BEBD28BDA6110007A212 /* BottomSheet */ = {
			isa = XCSwiftPackageProductDependency;
			package = C017BEBC28BDA6110007A212 /* XCRemoteSwiftPackageReference "BottomSheet" */;
			productName = BottomSheet;
		};
		C03DC6B428BC2B9C002B7F75 /* SnapKit */ = {
			isa = XCSwiftPackageProductDependency;
			package = C03DC6B328BC2B9C002B7F75 /* XCRemoteSwiftPackageReference "SnapKit" */;
			productName = SnapKit;
		};
/* End XCSwiftPackageProductDependency section */
	};
	rootObject = C03DC68A28BB969D002B7F75 /* Project object */;
}
